Microsoft Visual Studio Solution File, Format Version 9.00
# Visual Studio 2005
Project("{8BC9CEB8-8B4A-11D0-8D11-00A0C91BC942}") = "tinyXmlTest", "tinyXmlTest.vcproj", "{14572FFE-C127-486F-BE62-BD94FD6D761F}"
	ProjectSection(ProjectDependencies) = postProject
		{8B48E4DC-C3C2-4603-A7F7-50E72C5B1967} = {8B48E4DC-C3C2-4603-A7F7-50E72C5B1967}
	EndProjectSection
EndProject
Project("{8BC9CEB8-8B4A-11D0-8D11-00A0C91BC942}") = "tinyXmlTestSTL", "tinyXmlTestSTL.vcproj", "{7A130045-AEDF-41DB-ADA4-6E237A486768}"
	ProjectSection(ProjectDependencies) = postProject
		{446AE6B2-0514-409B-BE9B-5A2BD945C07D} = {446AE6B2-0514-409B-BE9B-5A2BD945C07D}
	EndProjectSection
EndProject
Project("{8BC9CEB8-8B4A-11D0-8D11-00A0C91BC942}") = "tinyxml", "tinyxml_lib.vcproj", "{8B48E4DC-C3C2-4603-A7F7-50E72C5B1967}"
EndProject
Project("{8BC9CEB8-8B4A-11D0-8D11-00A0C91BC942}") = "tinyxmlSTL", "tinyxmlSTL.vcproj", "{446AE6B2-0514-409B-BE9B-5A2BD945C07D}"
EndProject
Global
	GlobalSection(SolutionConfigurationPlatforms) = preSolution
		Debug|Pocket PC 2003 (ARMV4) = Debug|Pocket PC 2003 (ARMV4)
		Debug|Win32 = Debug|Win32
		Debug|x64 = Debug|x64
		Release|Pocket PC 2003 (ARMV4) = Release|Pocket PC 2003 (ARMV4)
		Release|Win32 = Release|Win32
		Release|x64 = Release|x64
	EndGlobalSection
	GlobalSection(ProjectConfigurationPlatforms) = postSolution
		{14572FFE-C127-486F-BE62-BD94FD6D761F}.Debug|Pocket PC 2003 (ARMV4).ActiveCfg = Debug|Pocket PC 2003 (ARMV4)
		{14572FFE-C127-486F-BE62-BD94FD6D761F}.Debug|Pocket PC 2003 (ARMV4).Build.0 = Debug|Pocket PC 2003 (ARMV4)
		{14572FFE-C127-486F-BE62-BD94FD6D761F}.Debug|Pocket PC 2003 (ARMV4).Deploy.0 = Debug|Pocket PC 2003 (ARMV4)
		{14572FFE-C127-486F-BE62-BD94FD6D761F}.Debug|Win32.ActiveCfg = Debug|Win32
		{14572FFE-C127-486F-BE62-BD94FD6D761F}.Debug|Win32.Build.0 = Debug|Win32
		{14572FFE-C127-486F-BE62-BD94FD6D761F}.Debug|x64.ActiveCfg = Debug|x64
		{14572FFE-C127-486F-BE62-BD94FD6D761F}.Debug|x64.Build.0 = Debug|x64
		{14572FFE-C127-486F-BE62-BD94FD6D761F}.Release|Pocket PC 2003 (ARMV4).ActiveCfg = Release|Pocket PC 2003 (ARMV4)
		{14572FFE-C127-486F-BE62-BD94FD6D761F}.Release|Pocket PC 2003 (ARMV4).Build.0 = Release|Pocket PC 2003 (ARMV4)
		{14572FFE-C127-486F-BE62-BD94FD6D761F}.Release|Pocket PC 2003 (ARMV4).Deploy.0 = Release|Pocket PC 2003 (ARMV4)
		{14572FFE-C127-486F-BE62-BD94FD6D761F}.Release|Win32.ActiveCfg = Release|Win32
		{14572FFE-C127-486F-BE62-BD94FD6D761F}.Release|Win32.Build.0 = Release|Win32
		{14572FFE-C127-486F-BE62-BD94FD6D761F}.Release|x64.ActiveCfg = Release|x64
		{14572FFE-C127-486F-BE62-BD94FD6D761F}.Release|x64.Build.0 = Release|x64
		{7A130045-AEDF-41DB-ADA4-6E237A486768}.Debug|Pocket PC 2003 (ARMV4).ActiveCfg = Debug|Pocket PC 2003 (ARMV4)
		{7A130045-AEDF-41DB-ADA4-6E237A486768}.Debug|Pocket PC 2003 (ARMV4).Build.0 = Debug|Pocket PC 2003 (ARMV4)
		{7A130045-AEDF-41DB-ADA4-6E237A486768}.Debug|Pocket PC 2003 (ARMV4).Deploy.0 = Debug|Pocket PC 2003 (ARMV4)
		{7A130045-AEDF-41DB-ADA4-6E237A486768}.Debug|Win32.ActiveCfg = Debug|Win32
		{7A130045-AEDF-41DB-ADA4-6E237A486768}.Debug|Win32.Build.0 = Debug|Win32
		{7A130045-AEDF-41DB-ADA4-6E237A486768}.Debug|x64.ActiveCfg = Debug|x64
		{7A130045-AEDF-41DB-ADA4-6E237A486768}.Debug|x64.Build.0 = Debug|x64
		{7A130045-AEDF-41DB-ADA4-6E237A486768}.Release|Pocket PC 2003 (ARMV4).ActiveCfg = Release|Pocket PC 2003 (ARMV4)
		{7A130045-AEDF-41DB-ADA4-6E237A486768}.Release|Pocket PC 2003 (ARMV4).Build.0 = Release|Pocket PC 2003 (ARMV4)
		{7A130045-AEDF-41DB-ADA4-6E237A486768}.Release|Pocket PC 2003 (ARMV4).Deploy.0 = Release|Pocket PC 2003 (ARMV4)
		{7A130045-AEDF-41DB-ADA4-6E237A486768}.Release|Win32.ActiveCfg = Release|Win32
		{7A130045-AEDF-41DB-ADA4-6E237A486768}.Release|Win32.Build.0 = Release|Win32
		{7A130045-AEDF-41DB-ADA4-6E237A486768}.Release|x64.ActiveCfg = Release|x64
		{7A130045-AEDF-41DB-ADA4-6E237A486768}.Release|x64.Build.0 = Release|x64
		{8B48E4DC-C3C2-4603-A7F7-50E72C5B1967}.Debug|Pocket PC 2003 (ARMV4).ActiveCfg = Debug|Pocket PC 2003 (ARMV4)
		{8B48E4DC-C3C2-4603-A7F7-50E72C5B1967}.Debug|Pocket PC 2003 (ARMV4).Build.0 = Debug|Pocket PC 2003 (ARMV4)
		{8B48E4DC-C3C2-4603-A7F7-50E72C5B1967}.Debug|Pocket PC 2003 (ARMV4).Deploy.0 = Debug|Pocket PC 2003 (ARMV4)
		{8B48E4DC-C3C2-4603-A7F7-50E72C5B1967}.Debug|Win32.ActiveCfg = Debug|Win32
		{8B48E4DC-C3C2-4603-A7F7-50E72C5B1967}.Debug|Win32.Build.0 = Debug|Win32
		{8B48E4DC-C3C2-4603-A7F7-50E72C5B1967}.Debug|x64.ActiveCfg = Debug|x64
		{8B48E4DC-C3C2-4603-A7F7-50E72C5B1967}.Debug|x64.Build.0 = Debug|x64
		{8B48E4DC-C3C2-4603-A7F7-50E72C5B1967}.Release|Pocket PC 2003 (ARMV4).ActiveCfg = Release|Pocket PC 2003 (ARMV4)
		{8B48E4DC-C3C2-4603-A7F7-50E72C5B1967}.Release|Pocket PC 2003 (ARMV4).Build.0 = Release|Pocket PC 2003 (ARMV4)
		{8B48E4DC-C3C2-4603-A7F7-50E72C5B1967}.Release|Pocket PC 2003 (ARMV4).Deploy.0 = Release|Pocket PC 2003 (ARMV4)
		{8B48E4DC-C3C2-4603-A7F7-50E72C5B1967}.Release|Win32.ActiveCfg = Release|Win32
		{8B48E4DC-C3C2-4603-A7F7-50E72C5B1967}.Release|Win32.Build.0 = Release|Win32
		{8B48E4DC-C3C2-4603-A7F7-50E72C5B1967}.Release|x64.ActiveCfg = Release|x64
		{8B48E4DC-C3C2-4603-A7F7-50E72C5B1967}.Release|x64.Build.0 = Release|x64
		{446AE6B2-0514-409B-BE9B-5A2BD945C07D}.Debug|Pocket PC 2003 (ARMV4).ActiveCfg = Debug|Pocket PC 2003 (ARMV4)
		{446AE6B2-0514-409B-BE9B-5A2BD945C07D}.Debug|Pocket PC 2003 (ARMV4).Build.0 = Debug|Pocket PC 2003 (ARMV4)
		{446AE6B2-0514-409B-BE9B-5A2BD945C07D}.Debug|Pocket PC 2003 (ARMV4).Deploy.0 = Debug|Pocket PC 2003 (ARMV4)
		{446AE6B2-0514-409B-BE9B-5A2BD945C07D}.Debug|Win32.ActiveCfg = Debug|Win32
		{446AE6B2-0514-409B-BE9B-5A2BD945C07D}.Debug|Win32.Build.0 = Debug|Win32
		{446AE6B2-0514-409B-BE9B-5A2BD945C07D}.Debug|x64.ActiveCfg = Debug|x64
		{446AE6B2-0514-409B-BE9B-5A2BD945C07D}.Debug|x64.Build.0 = Debug|x64
		{446AE6B2-0514-409B-BE9B-5A2BD945C07D}.Release|Pocket PC 2003 (ARMV4).ActiveCfg = Release|Pocket PC 2003 (ARMV4)
		{446AE6B2-0514-409B-BE9B-5A2BD945C07D}.Release|Pocket PC 2003 (ARMV4).Build.0 = Release|Pocket PC 2003 (ARMV4)
		{446AE6B2-0514-409B-BE9B-5A2BD945C07D}.Release|Pocket PC 2003 (ARMV4).Deploy.0 = Release|Pocket PC 2003 (ARMV4)
		{446AE6B2-0514-409B-BE9B-5A2BD945C07D}.Release|Win32.ActiveCfg = Release|Win32
		{446AE6B2-0514-409B-BE9B-5A2BD945C07D}.Release|Win32.Build.0 = Release|Win32
		{446AE6B2-0514-409B-BE9B-5A2BD945C07D}.Release|x64.ActiveCfg = Release|x64
		{446AE6B2-0514-409B-BE9B-5A2BD945C07D}.Release|x64.Build.0 = Release|x64
	EndGlobalSection
	GlobalSection(SolutionProperties) = preSolution
		HideSolutionNode = FALSE
	EndGlobalSection
EndGlobal
